
Microsoft Visual Studio Solution File, Format Version 12.00
# Visual Studio 15
VisualStudioVersion = 15.0.28010.2046
MinimumVisualStudioVersion = 10.0.40219.1
Project("{FAE04EC0-301F-11D3-BF4B-00C04F79EFBC}") = "GoogleTracking.Android", "GoogleTracking\GoogleTracking.Android\GoogleTracking.Android.csproj", "{69762E6C-BF0C-412B-8A65-7D49B8C81D19}"
EndProject
Project("{FAE04EC0-301F-11D3-BF4B-00C04F79EFBC}") = "GoogleTracking.iOS", "GoogleTracking\GoogleTracking.iOS\GoogleTracking.iOS.csproj", "{4398DD78-AEAB-4F98-91E0-7B73673E8B07}"
EndProject
Project("{FAE04EC0-301F-11D3-BF4B-00C04F79EFBC}") = "GoogleTracking", "GoogleTracking\GoogleTracking\GoogleTracking.csproj", "{4143C9D1-A971-48B4-A515-B58DD7D70013}"
EndProject
Global
	GlobalSection(SolutionConfigurationPlatforms) = preSolution
		Ad-Hoc|Any CPU = Ad-Hoc|Any CPU
		Ad-Hoc|iPhone = Ad-Hoc|iPhone
		Ad-Hoc|iPhoneSimulator = Ad-Hoc|iPhoneSimulator
		AppStore|Any CPU = AppStore|Any CPU
		AppStore|iPhone = AppStore|iPhone
		AppStore|iPhoneSimulator = AppStore|iPhoneSimulator
		Debug|Any CPU = Debug|Any CPU
		Debug|iPhone = Debug|iPhone
		Debug|iPhoneSimulator = Debug|iPhoneSimulator
		Release|Any CPU = Release|Any CPU
		Release|iPhone = Release|iPhone
		Release|iPhoneSimulator = Release|iPhoneSimulator
	EndGlobalSection
	GlobalSection(ProjectConfigurationPlatforms) = postSolution
		{69762E6C-BF0C-412B-8A65-7D49B8C81D19}.Ad-Hoc|Any CPU.ActiveCfg = Release|Any CPU
		{69762E6C-BF0C-412B-8A65-7D49B8C81D19}.Ad-Hoc|Any CPU.Build.0 = Release|Any CPU
		{69762E6C-BF0C-412B-8A65-7D49B8C81D19}.Ad-Hoc|Any CPU.Deploy.0 = Release|Any CPU
		{69762E6C-BF0C-412B-8A65-7D49B8C81D19}.Ad-Hoc|iPhone.ActiveCfg = Release|Any CPU
		{69762E6C-BF0C-412B-8A65-7D49B8C81D19}.Ad-Hoc|iPhone.Build.0 = Release|Any CPU
		{69762E6C-BF0C-412B-8A65-7D49B8C81D19}.Ad-Hoc|iPhone.Deploy.0 = Release|Any CPU
		{69762E6C-BF0C-412B-8A65-7D49B8C81D19}.Ad-Hoc|iPhoneSimulator.ActiveCfg = Release|Any CPU
		{69762E6C-BF0C-412B-8A65-7D49B8C81D19}.Ad-Hoc|iPhoneSimulator.Build.0 = Release|Any CPU
		{69762E6C-BF0C-412B-8A65-7D49B8C81D19}.Ad-Hoc|iPhoneSimulator.Deploy.0 = Release|Any CPU
		{69762E6C-BF0C-412B-8A65-7D49B8C81D19}.AppStore|Any CPU.ActiveCfg = Release|Any CPU
		{69762E6C-BF0C-412B-8A65-7D49B8C81D19}.AppStore|Any CPU.Build.0 = Release|Any CPU
		{69762E6C-BF0C-412B-8A65-7D49B8C81D19}.AppStore|Any CPU.Deploy.0 = Release|Any CPU
		{69762E6C-BF0C-412B-8A65-7D49B8C81D19}.AppStore|iPhone.ActiveCfg = Release|Any CPU
		{69762E6C-BF0C-412B-8A65-7D49B8C81D19}.AppStore|iPhone.Build.0 = Release|Any CPU
		{69762E6C-BF0C-412B-8A65-7D49B8C81D19}.AppStore|iPhone.Deploy.0 = Release|Any CPU
		{69762E6C-BF0C-412B-8A65-7D49B8C81D19}.AppStore|iPhoneSimulator.ActiveCfg = Release|Any CPU
		{69762E6C-BF0C-412B-8A65-7D49B8C81D19}.AppStore|iPhoneSimulator.Build.0 = Release|Any CPU
		{69762E6C-BF0C-412B-8A65-7D49B8C81D19}.AppStore|iPhoneSimulator.Deploy.0 = Release|Any CPU
		{69762E6C-BF0C-412B-8A65-7D49B8C81D19}.Debug|Any CPU.ActiveCfg = Debug|Any CPU
		{69762E6C-BF0C-412B-8A65-7D49B8C81D19}.Debug|Any CPU.Build.0 = Debug|Any CPU
		{69762E6C-BF0C-412B-8A65-7D49B8C81D19}.Debug|Any CPU.Deploy.0 = Debug|Any CPU
		{69762E6C-BF0C-412B-8A65-7D49B8C81D19}.Debug|iPhone.ActiveCfg = Debug|Any CPU
		{69762E6C-BF0C-412B-8A65-7D49B8C81D19}.Debug|iPhone.Build.0 = Debug|Any CPU
		{69762E6C-BF0C-412B-8A65-7D49B8C81D19}.Debug|iPhone.Deploy.0 = Debug|Any CPU
		{69762E6C-BF0C-412B-8A65-7D49B8C81D19}.Debug|iPhoneSimulator.ActiveCfg = Debug|Any CPU
		{69762E6C-BF0C-412B-8A65-7D49B8C81D19}.Debug|iPhoneSimulator.Build.0 = Debug|Any CPU
		{69762E6C-BF0C-412B-8A65-7D49B8C81D19}.Debug|iPhoneSimulator.Deploy.0 = Debug|Any CPU
		{69762E6C-BF0C-412B-8A65-7D49B8C81D19}.Release|Any CPU.ActiveCfg = Release|Any CPU
		{69762E6C-BF0C-412B-8A65-7D49B8C81D19}.Release|Any CPU.Build.0 = Release|Any CPU
		{69762E6C-BF0C-412B-8A65-7D49B8C81D19}.Release|Any CPU.Deploy.0 = Release|Any CPU
		{69762E6C-BF0C-412B-8A65-7D49B8C81D19}.Release|iPhone.ActiveCfg = Release|Any CPU
		{69762E6C-BF0C-412B-8A65-7D49B8C81D19}.Release|iPhone.Build.0 = Release|Any CPU
		{69762E6C-BF0C-412B-8A65-7D49B8C81D19}.Release|iPhone.Deploy.0 = Release|Any CPU
		{69762E6C-BF0C-412B-8A65-7D49B8C81D19}.Release|iPhoneSimulator.ActiveCfg = Release|Any CPU
		{69762E6C-BF0C-412B-8A65-7D49B8C81D19}.Release|iPhoneSimulator.Build.0 = Release|Any CPU
		{69762E6C-BF0C-412B-8A65-7D49B8C81D19}.Release|iPhoneSimulator.Deploy.0 = Release|Any CPU
		{4398DD78-AEAB-4F98-91E0-7B73673E8B07}.Ad-Hoc|Any CPU.ActiveCfg = Ad-Hoc|iPhone
		{4398DD78-AEAB-4F98-91E0-7B73673E8B07}.Ad-Hoc|Any CPU.Build.0 = Ad-Hoc|iPhone
		{4398DD78-AEAB-4F98-91E0-7B73673E8B07}.Ad-Hoc|Any CPU.Deploy.0 = Ad-Hoc|iPhone
		{4398DD78-AEAB-4F98-91E0-7B73673E8B07}.Ad-Hoc|iPhone.ActiveCfg = Ad-Hoc|iPhone
		{4398DD78-AEAB-4F98-91E0-7B73673E8B07}.Ad-Hoc|iPhone.Build.0 = Ad-Hoc|iPhone
		{4398DD78-AEAB-4F98-91E0-7B73673E8B07}.Ad-Hoc|iPhone.Deploy.0 = Ad-Hoc|iPhone
		{4398DD78-AEAB-4F98-91E0-7B73673E8B07}.Ad-Hoc|iPhoneSimulator.ActiveCfg = Ad-Hoc|iPhoneSimulator
		{4398DD78-AEAB-4F98-91E0-7B73673E8B07}.Ad-Hoc|iPhoneSimulator.Build.0 = Ad-Hoc|iPhoneSimulator
		{4398DD78-AEAB-4F98-91E0-7B73673E8B07}.Ad-Hoc|iPhoneSimulator.Deploy.0 = Ad-Hoc|iPhoneSimulator
		{4398DD78-AEAB-4F98-91E0-7B73673E8B07}.AppStore|Any CPU.ActiveCfg = AppStore|iPhone
		{4398DD78-AEAB-4F98-91E0-7B73673E8B07}.AppStore|Any CPU.Build.0 = AppStore|iPhone
		{4398DD78-AEAB-4F98-91E0-7B73673E8B07}.AppStore|Any CPU.Deploy.0 = AppStore|iPhone
		{4398DD78-AEAB-4F98-91E0-7B73673E8B07}.AppStore|iPhone.ActiveCfg = AppStore|iPhone
		{4398DD78-AEAB-4F98-91E0-7B73673E8B07}.AppStore|iPhone.Build.0 = AppStore|iPhone
		{4398DD78-AEAB-4F98-91E0-7B73673E8B07}.AppStore|iPhone.Deploy.0 = AppStore|iPhone
		{4398DD78-AEAB-4F98-91E0-7B73673E8B07}.AppStore|iPhoneSimulator.ActiveCfg = AppStore|iPhoneSimulator
		{4398DD78-AEAB-4F98-91E0-7B73673E8B07}.AppStore|iPhoneSimulator.Build.0 = AppStore|iPhoneSimulator
		{4398DD78-AEAB-4F98-91E0-7B73673E8B07}.AppStore|iPhoneSimulator.Deploy.0 = AppStore|iPhoneSimulator
		{4398DD78-AEAB-4F98-91E0-7B73673E8B07}.Debug|Any CPU.ActiveCfg = Debug|iPhoneSimulator
		{4398DD78-AEAB-4F98-91E0-7B73673E8B07}.Debug|Any CPU.Build.0 = Debug|iPhoneSimulator
		{4398DD78-AEAB-4F98-91E0-7B73673E8B07}.Debug|Any CPU.Deploy.0 = Debug|iPhoneSimulator
		{4398DD78-AEAB-4F98-91E0-7B73673E8B07}.Debug|iPhone.ActiveCfg = Debug|iPhone
		{4398DD78-AEAB-4F98-91E0-7B73673E8B07}.Debug|iPhone.Build.0 = Debug|iPhone
		{4398DD78-AEAB-4F98-91E0-7B73673E8B07}.Debug|iPhone.Deploy.0 = Debug|iPhone
		{4398DD78-AEAB-4F98-91E0-7B73673E8B07}.Debug|iPhoneSimulator.ActiveCfg = Debug|iPhoneSimulator
		{4398DD78-AEAB-4F98-91E0-7B73673E8B07}.Debug|iPhoneSimulator.Build.0 = Debug|iPhoneSimulator
		{4398DD78-AEAB-4F98-91E0-7B73673E8B07}.Debug|iPhoneSimulator.Deploy.0 = Debug|iPhoneSimulator
		{4398DD78-AEAB-4F98-91E0-7B73673E8B07}.Release|Any CPU.ActiveCfg = Release|iPhone
		{4398DD78-AEAB-4F98-91E0-7B73673E8B07}.Release|Any CPU.Build.0 = Release|iPhone
		{4398DD78-AEAB-4F98-91E0-7B73673E8B07}.Release|Any CPU.Deploy.0 = Release|iPhone
		{4398DD78-AEAB-4F98-91E0-7B73673E8B07}.Release|iPhone.ActiveCfg = Release|iPhone
		{4398DD78-AEAB-4F98-91E0-7B73673E8B07}.Release|iPhone.Build.0 = Release|iPhone
		{4398DD78-AEAB-4F98-91E0-7B73673E8B07}.Release|iPhone.Deploy.0 = Release|iPhone
		{4398DD78-AEAB-4F98-91E0-7B73673E8B07}.Release|iPhoneSimulator.ActiveCfg = Release|iPhoneSimulator
		{4398DD78-AEAB-4F98-91E0-7B73673E8B07}.Release|iPhoneSimulator.Build.0 = Release|iPhoneSimulator
		{4398DD78-AEAB-4F98-91E0-7B73673E8B07}.Release|iPhoneSimulator.Deploy.0 = Release|iPhoneSimulator
		{4143C9D1-A971-48B4-A515-B58DD7D70013}.Ad-Hoc|Any CPU.ActiveCfg = Debug|Any CPU
		{4143C9D1-A971-48B4-A515-B58DD7D70013}.Ad-Hoc|Any CPU.Build.0 = Debug|Any CPU
		{4143C9D1-A971-48B4-A515-B58DD7D70013}.Ad-Hoc|Any CPU.Deploy.0 = Debug|Any CPU
		{4143C9D1-A971-48B4-A515-B58DD7D70013}.Ad-Hoc|iPhone.ActiveCfg = Debug|Any CPU
		{4143C9D1-A971-48B4-A515-B58DD7D70013}.Ad-Hoc|iPhone.Build.0 = Debug|Any CPU
		{4143C9D1-A971-48B4-A515-B58DD7D70013}.Ad-Hoc|iPhone.Deploy.0 = Debug|Any CPU
		{4143C9D1-A971-48B4-A515-B58DD7D70013}.Ad-Hoc|iPhoneSimulator.ActiveCfg = Debug|Any CPU
		{4143C9D1-A971-48B4-A515-B58DD7D70013}.Ad-Hoc|iPhoneSimulator.Build.0 = Debug|Any CPU
		{4143C9D1-A971-48B4-A515-B58DD7D70013}.Ad-Hoc|iPhoneSimulator.Deploy.0 = Debug|Any CPU
		{4143C9D1-A971-48B4-A515-B58DD7D70013}.AppStore|Any CPU.ActiveCfg = Debug|Any CPU
		{4143C9D1-A971-48B4-A515-B58DD7D70013}.AppStore|Any CPU.Build.0 = Debug|Any CPU
		{4143C9D1-A971-48B4-A515-B58DD7D70013}.AppStore|Any CPU.Deploy.0 = Debug|Any CPU
		{4143C9D1-A971-48B4-A515-B58DD7D70013}.AppStore|iPhone.ActiveCfg = Debug|Any CPU
		{4143C9D1-A971-48B4-A515-B58DD7D70013}.AppStore|iPhone.Build.0 = Debug|Any CPU
		{4143C9D1-A971-48B4-A515-B58DD7D70013}.AppStore|iPhone.Deploy.0 = Debug|Any CPU
		{4143C9D1-A971-48B4-A515-B58DD7D70013}.AppStore|iPhoneSimulator.ActiveCfg = Debug|Any CPU
		{4143C9D1-A971-48B4-A515-B58DD7D70013}.AppStore|iPhoneSimulator.Build.0 = Debug|Any CPU
		{4143C9D1-A971-48B4-A515-B58DD7D70013}.AppStore|iPhoneSimulator.Deploy.0 = Debug|Any CPU
		{4143C9D1-A971-48B4-A515-B58DD7D70013}.Debug|Any CPU.ActiveCfg = Debug|Any CPU
		{4143C9D1-A971-48B4-A515-B58DD7D70013}.Debug|Any CPU.Build.0 = Debug|Any CPU
		{4143C9D1-A971-48B4-A515-B58DD7D70013}.Debug|Any CPU.Deploy.0 = Debug|Any CPU
		{4143C9D1-A971-48B4-A515-B58DD7D70013}.Debug|iPhone.ActiveCfg = Debug|Any CPU
		{4143C9D1-A971-48B4-A515-B58DD7D70013}.Debug|iPhone.Build.0 = Debug|Any CPU
		{4143C9D1-A971-48B4-A515-B58DD7D70013}.Debug|iPhone.Deploy.0 = Debug|Any CPU
		{4143C9D1-A971-48B4-A515-B58DD7D70013}.Debug|iPhoneSimulator.ActiveCfg = Debug|Any CPU
		{4143C9D1-A971-48B4-A515-B58DD7D70013}.Debug|iPhoneSimulator.Build.0 = Debug|Any CPU
		{4143C9D1-A971-48B4-A515-B58DD7D70013}.Debug|iPhoneSimulator.Deploy.0 = Debug|Any CPU
		{4143C9D1-A971-48B4-A515-B58DD7D70013}.Release|Any CPU.ActiveCfg = Release|Any CPU
		{4143C9D1-A971-48B4-A515-B58DD7D70013}.Release|Any CPU.Build.0 = Release|Any CPU
		{4143C9D1-A971-48B4-A515-B58DD7D70013}.Release|Any CPU.Deploy.0 = Release|Any CPU
		{4143C9D1-A971-48B4-A515-B58DD7D70013}.Release|iPhone.ActiveCfg = Release|Any CPU
		{4143C9D1-A971-48B4-A515-B58DD7D70013}.Release|iPhone.Build.0 = Release|Any CPU
		{4143C9D1-A971-48B4-A515-B58DD7D70013}.Release|iPhone.Deploy.0 = Release|Any CPU
		{4143C9D1-A971-48B4-A515-B58DD7D70013}.Release|iPhoneSimulator.ActiveCfg = Release|Any CPU
		{4143C9D1-A971-48B4-A515-B58DD7D70013}.Release|iPhoneSimulator.Build.0 = Release|Any CPU
		{4143C9D1-A971-48B4-A515-B58DD7D70013}.Release|iPhoneSimulator.Deploy.0 = Release|Any CPU
	EndGlobalSection
	GlobalSection(SolutionProperties) = preSolution
		HideSolutionNode = FALSE
	EndGlobalSection
	GlobalSection(ExtensibilityGlobals) = postSolution
		SolutionGuid = {6F82AA9A-5933-4FBA-A0E3-2B6AA2CD7F52}
	EndGlobalSection
EndGlobal
